{
  "name": "navish-commander",
  "version": "1.5.0-rc.1",
  "lockfileVersion": 3,
  "requires": true,
  "packages": {
    "": {
      "name": "navish-commander",
      "version": "1.5.0-rc.1",
      "license": "MIT",
      "bin": {
        "navish": "bin/navish.mjs",
        "navish-browser": "bin/navish-browser.py",
        "navish-github-control": "bin/navish-github-control.mjs"
      },
      "engines": {
        "node": ">=22.16.0"
      }
    }
  }
}
